
Microsoft Visual Studio Solution File, Format Version 12.00
# Visual Studio 15
VisualStudioVersion = 15.0.35213.121
MinimumVisualStudioVersion = 10.0.40219.1
Project("{FAE04EC0-301F-11D3-BF4B-00C04F79EFBC}") = "Kitaplık Yönetimi", "Kitaplık Yönetimi\Kitaplık Yönetimi.csproj", "{C97E7544-F482-4009-A8F1-408719BB6932}"
EndProject
Global
	GlobalSection(SolutionConfigurationPlatforms) = preSolution
		Debug|Any CPU = Debug|Any CPU
		Release|Any CPU = Release|Any CPU
	EndGlobalSection
	GlobalSection(ProjectConfigurationPlatforms) = postSolution
		{C97E7544-F482-4009-A8F1-408719BB6932}.Debug|Any CPU.ActiveCfg = Debug|Any CPU
		{C97E7544-F482-4009-A8F1-408719BB6932}.Debug|Any CPU.Build.0 = Debug|Any CPU
		{C97E7544-F482-4009-A8F1-408719BB6932}.Release|Any CPU.ActiveCfg = Release|Any CPU
		{C97E7544-F482-4009-A8F1-408719BB6932}.Release|Any CPU.Build.0 = Release|Any CPU
	EndGlobalSection
	GlobalSection(SolutionProperties) = preSolution
		HideSolutionNode = FALSE
	EndGlobalSection
	GlobalSection(ExtensibilityGlobals) = postSolution
		SolutionGuid = {65AA435A-AE6C-4914-8405-D32F9A4F8422}
	EndGlobalSection
EndGlobal
