
Microsoft Visual Studio Solution File, Format Version 12.00
# Visual Studio 15
VisualStudioVersion = 15.0.35213.121
MinimumVisualStudioVersion = 10.0.40219.1
Project("{FAE04EC0-301F-11D3-BF4B-00C04F79EFBC}") = "Zaman Farkı", "Zaman Farkı\Zaman Farkı.csproj", "{ACD04F08-75C9-4A8F-B4AB-086B3C3C9512}"
EndProject
Global
	GlobalSection(SolutionConfigurationPlatforms) = preSolution
		Debug|Any CPU = Debug|Any CPU
		Release|Any CPU = Release|Any CPU
	EndGlobalSection
	GlobalSection(ProjectConfigurationPlatforms) = postSolution
		{ACD04F08-75C9-4A8F-B4AB-086B3C3C9512}.Debug|Any CPU.ActiveCfg = Debug|Any CPU
		{ACD04F08-75C9-4A8F-B4AB-086B3C3C9512}.Debug|Any CPU.Build.0 = Debug|Any CPU
		{ACD04F08-75C9-4A8F-B4AB-086B3C3C9512}.Release|Any CPU.ActiveCfg = Release|Any CPU
		{ACD04F08-75C9-4A8F-B4AB-086B3C3C9512}.Release|Any CPU.Build.0 = Release|Any CPU
	EndGlobalSection
	GlobalSection(SolutionProperties) = preSolution
		HideSolutionNode = FALSE
	EndGlobalSection
	GlobalSection(ExtensibilityGlobals) = postSolution
		SolutionGuid = {A8A422DE-DFA3-42EA-9A67-2D29D150FD26}
	EndGlobalSection
EndGlobal
