
Microsoft Visual Studio Solution File, Format Version 12.00
# Visual Studio 15
VisualStudioVersion = 15.0.35213.121
MinimumVisualStudioVersion = 10.0.40219.1
Project("{FAE04EC0-301F-11D3-BF4B-00C04F79EFBC}") = "Zaman İşlemleri", "Zaman İşlemleri\Zaman İşlemleri.csproj", "{BDBF87CA-E79A-4537-B7B6-C73E696B381D}"
EndProject
Global
	GlobalSection(SolutionConfigurationPlatforms) = preSolution
		Debug|Any CPU = Debug|Any CPU
		Release|Any CPU = Release|Any CPU
	EndGlobalSection
	GlobalSection(ProjectConfigurationPlatforms) = postSolution
		{BDBF87CA-E79A-4537-B7B6-C73E696B381D}.Debug|Any CPU.ActiveCfg = Debug|Any CPU
		{BDBF87CA-E79A-4537-B7B6-C73E696B381D}.Debug|Any CPU.Build.0 = Debug|Any CPU
		{BDBF87CA-E79A-4537-B7B6-C73E696B381D}.Release|Any CPU.ActiveCfg = Release|Any CPU
		{BDBF87CA-E79A-4537-B7B6-C73E696B381D}.Release|Any CPU.Build.0 = Release|Any CPU
	EndGlobalSection
	GlobalSection(SolutionProperties) = preSolution
		HideSolutionNode = FALSE
	EndGlobalSection
	GlobalSection(ExtensibilityGlobals) = postSolution
		SolutionGuid = {4C57EDA7-21EE-4AE5-AFAD-ECFE0C972601}
	EndGlobalSection
EndGlobal
